
Microsoft Visual Studio Solution File, Format Version 12.00
# Visual Studio Version 17
VisualStudioVersion = 17.14.36616.10
MinimumVisualStudioVersion = 10.0.40219.1
Project("{FAE04EC0-301F-11D3-BF4B-00C04F79EFBC}") = "MyGuitarShop.Api", "MyGuitarShop.Api\MyGuitarShop.Api.csproj", "{49908DE7-F1AE-4FC8-A93E-98AB125BB0DD}"
EndProject
Project("{FAE04EC0-301F-11D3-BF4B-00C04F79EFBC}") = "MyGuitarShop.Common", "MyGuitarShop.Common\MyGuitarShop.Common.csproj", "{4A079118-B531-4DDC-AFFF-80F0CFDA8B04}"
EndProject
Project("{FAE04EC0-301F-11D3-BF4B-00C04F79EFBC}") = "MyGuitarShop.Data.Ado", "MyGuitarShop.Data.Ado\MyGuitarShop.Data.Ado.csproj", "{53C0A180-8336-4D92-A6DB-B6EE7B3D47DB}"
EndProject
Project("{FAE04EC0-301F-11D3-BF4B-00C04F79EFBC}") = "MyGuitarShop.Data.EFCore", "MyGuitarShop.Data.EFCore\MyGuitarShop.Data.EFCore.csproj", "{BE0724DE-C222-4F7E-9D8E-B2272ED1DBAD}"
EndProject
Project("{FAE04EC0-301F-11D3-BF4B-00C04F79EFBC}") = "MyGuitarShop.Data.MongoDb", "MyGuitarShop.Data.MongoDb\MyGuitarShop.Data.MongoDb.csproj", "{7C8DCC18-2FFA-49A0-B96F-D1D53CBD6AA5}"
EndProject
Global
	GlobalSection(SolutionConfigurationPlatforms) = preSolution
		Debug|Any CPU = Debug|Any CPU
		Release|Any CPU = Release|Any CPU
	EndGlobalSection
	GlobalSection(ProjectConfigurationPlatforms) = postSolution
		{49908DE7-F1AE-4FC8-A93E-98AB125BB0DD}.Debug|Any CPU.ActiveCfg = Debug|Any CPU
		{49908DE7-F1AE-4FC8-A93E-98AB125BB0DD}.Debug|Any CPU.Build.0 = Debug|Any CPU
		{49908DE7-F1AE-4FC8-A93E-98AB125BB0DD}.Release|Any CPU.ActiveCfg = Release|Any CPU
		{49908DE7-F1AE-4FC8-A93E-98AB125BB0DD}.Release|Any CPU.Build.0 = Release|Any CPU
		{4A079118-B531-4DDC-AFFF-80F0CFDA8B04}.Debug|Any CPU.ActiveCfg = Debug|Any CPU
		{4A079118-B531-4DDC-AFFF-80F0CFDA8B04}.Debug|Any CPU.Build.0 = Debug|Any CPU
		{4A079118-B531-4DDC-AFFF-80F0CFDA8B04}.Release|Any CPU.ActiveCfg = Release|Any CPU
		{4A079118-B531-4DDC-AFFF-80F0CFDA8B04}.Release|Any CPU.Build.0 = Release|Any CPU
		{53C0A180-8336-4D92-A6DB-B6EE7B3D47DB}.Debug|Any CPU.ActiveCfg = Debug|Any CPU
		{53C0A180-8336-4D92-A6DB-B6EE7B3D47DB}.Debug|Any CPU.Build.0 = Debug|Any CPU
		{53C0A180-8336-4D92-A6DB-B6EE7B3D47DB}.Release|Any CPU.ActiveCfg = Release|Any CPU
		{53C0A180-8336-4D92-A6DB-B6EE7B3D47DB}.Release|Any CPU.Build.0 = Release|Any CPU
		{BE0724DE-C222-4F7E-9D8E-B2272ED1DBAD}.Debug|Any CPU.ActiveCfg = Debug|Any CPU
		{BE0724DE-C222-4F7E-9D8E-B2272ED1DBAD}.Debug|Any CPU.Build.0 = Debug|Any CPU
		{BE0724DE-C222-4F7E-9D8E-B2272ED1DBAD}.Release|Any CPU.ActiveCfg = Release|Any CPU
		{BE0724DE-C222-4F7E-9D8E-B2272ED1DBAD}.Release|Any CPU.Build.0 = Release|Any CPU
		{7C8DCC18-2FFA-49A0-B96F-D1D53CBD6AA5}.Debug|Any CPU.ActiveCfg = Debug|Any CPU
		{7C8DCC18-2FFA-49A0-B96F-D1D53CBD6AA5}.Debug|Any CPU.Build.0 = Debug|Any CPU
		{7C8DCC18-2FFA-49A0-B96F-D1D53CBD6AA5}.Release|Any CPU.ActiveCfg = Release|Any CPU
		{7C8DCC18-2FFA-49A0-B96F-D1D53CBD6AA5}.Release|Any CPU.Build.0 = Release|Any CPU
	EndGlobalSection
	GlobalSection(SolutionProperties) = preSolution
		HideSolutionNode = FALSE
	EndGlobalSection
	GlobalSection(ExtensibilityGlobals) = postSolution
		SolutionGuid = {02125B9B-462C-48C7-BA3A-C13AEF977DB8}
	EndGlobalSection
EndGlobal
